
Microsoft Visual Studio Solution File, Format Version 12.00
# Visual Studio Version 16
VisualStudioVersion = 16.0.29609.76
MinimumVisualStudioVersion = 10.0.40219.1
Project("{9A19103F-16F7-4668-BE54-9A1E7A4F7556}") = "Uploadarr.Common", "Uploadarr.Common\Uploadarr.Common.csproj", "{2DBEDC8C-C82F-4387-80C8-140FFAE261CE}"
EndProject
Project("{FAE04EC0-301F-11D3-BF4B-00C04F79EFBC}") = "Uploadarr.API", "Uploadarr.API\Uploadarr.API.csproj", "{020F2D8C-5179-49F4-8AC0-C5A23FEECA9F}"
EndProject
Global
	GlobalSection(SolutionConfigurationPlatforms) = preSolution
		Debug|Any CPU = Debug|Any CPU
		Release|Any CPU = Release|Any CPU
	EndGlobalSection
	GlobalSection(ProjectConfigurationPlatforms) = postSolution
		{2DBEDC8C-C82F-4387-80C8-140FFAE261CE}.Debug|Any CPU.ActiveCfg = Debug|Any CPU
		{2DBEDC8C-C82F-4387-80C8-140FFAE261CE}.Debug|Any CPU.Build.0 = Debug|Any CPU
		{2DBEDC8C-C82F-4387-80C8-140FFAE261CE}.Release|Any CPU.ActiveCfg = Release|Any CPU
		{2DBEDC8C-C82F-4387-80C8-140FFAE261CE}.Release|Any CPU.Build.0 = Release|Any CPU
		{020F2D8C-5179-49F4-8AC0-C5A23FEECA9F}.Debug|Any CPU.ActiveCfg = Debug|Any CPU
		{020F2D8C-5179-49F4-8AC0-C5A23FEECA9F}.Debug|Any CPU.Build.0 = Debug|Any CPU
		{020F2D8C-5179-49F4-8AC0-C5A23FEECA9F}.Release|Any CPU.ActiveCfg = Release|Any CPU
		{020F2D8C-5179-49F4-8AC0-C5A23FEECA9F}.Release|Any CPU.Build.0 = Release|Any CPU
	EndGlobalSection
	GlobalSection(SolutionProperties) = preSolution
		HideSolutionNode = FALSE
	EndGlobalSection
	GlobalSection(ExtensibilityGlobals) = postSolution
		SolutionGuid = {01C2725E-6A85-4594-9C91-204B0CF59420}
	EndGlobalSection
EndGlobal
